
Microsoft Visual Studio Solution File, Format Version 12.00
# Visual Studio Version 17
VisualStudioVersion = 17.4.33205.214
MinimumVisualStudioVersion = 10.0.40219.1
Project("{FAE04EC0-301F-11D3-BF4B-00C04F79EFBC}") = "ELEARN", "ELEARN\ELEARN.csproj", "{BA872ABA-4556-4098-8042-805EF722C382}"
EndProject
Global
	GlobalSection(SolutionConfigurationPlatforms) = preSolution
		Debug|Any CPU = Debug|Any CPU
		Release|Any CPU = Release|Any CPU
	EndGlobalSection
	GlobalSection(ProjectConfigurationPlatforms) = postSolution
		{BA872ABA-4556-4098-8042-805EF722C382}.Debug|Any CPU.ActiveCfg = Debug|Any CPU
		{BA872ABA-4556-4098-8042-805EF722C382}.Debug|Any CPU.Build.0 = Debug|Any CPU
		{BA872ABA-4556-4098-8042-805EF722C382}.Release|Any CPU.ActiveCfg = Release|Any CPU
		{BA872ABA-4556-4098-8042-805EF722C382}.Release|Any CPU.Build.0 = Release|Any CPU
	EndGlobalSection
	GlobalSection(SolutionProperties) = preSolution
		HideSolutionNode = FALSE
	EndGlobalSection
	GlobalSection(ExtensibilityGlobals) = postSolution
		SolutionGuid = {AFB74836-EAC6-466E-93E0-8FAFE90C9255}
	EndGlobalSection
EndGlobal
